version = 1
revision = 1
requires-python = ">=3.12"

[[package]]
name = "arrg"
version = "0.1.0"
source = { registry = "https://pypi.org/simple" }
sdist = { url = "https://files.pythonhosted.org/packages/90/53/862db83f09ac980a4af0c3d40d423f07e5cad300730a0fea117040e3e62f/arrg-0.1.0.tar.gz", hash = "sha256:58746665a54c361ee1a7b39f414b0bf373f5255d37cc938b22bbbe49daeda155", size = 17318 }
wheels = [
    { url = "https://files.pythonhosted.org/packages/5b/a3/54cfbbae8928e812fefac1cb1272a5819b26863ae4873728ca809af3b9b5/arrg-0.1.0-py3-none-any.whl", hash = "sha256:0b4315b6f5339d6b264808614b20f6a123359532d47b9a0eeecdf10f56cfd8fb", size = 14175 },
]

[[package]]
name = "search-index-aggregator"
version = "0.0.0"
source = { virtual = "." }
dependencies = [
    { name = "arrg" },
]

[package.metadata]
requires-dist = [{ name = "arrg", specifier = ">=0.1.0" }]
